
Microsoft Visual Studio Solution File, Format Version 12.00
# Visual Studio 15
VisualStudioVersion = 15.0.28010.2050
MinimumVisualStudioVersion = 10.0.40219.1
Project("{FAE04EC0-301F-11D3-BF4B-00C04F79EFBC}") = "WebApplication2", "WebApplication2\WebApplication2.csproj", "{007D98E4-3417-469F-A771-54BF88046AFF}"
EndProject
Global
	GlobalSection(SolutionConfigurationPlatforms) = preSolution
		Debug|Any CPU = Debug|Any CPU
		Release|Any CPU = Release|Any CPU
	EndGlobalSection
	GlobalSection(ProjectConfigurationPlatforms) = postSolution
		{007D98E4-3417-469F-A771-54BF88046AFF}.Debug|Any CPU.ActiveCfg = Debug|Any CPU
		{007D98E4-3417-469F-A771-54BF88046AFF}.Debug|Any CPU.Build.0 = Debug|Any CPU
		{007D98E4-3417-469F-A771-54BF88046AFF}.Release|Any CPU.ActiveCfg = Release|Any CPU
		{007D98E4-3417-469F-A771-54BF88046AFF}.Release|Any CPU.Build.0 = Release|Any CPU
	EndGlobalSection
	GlobalSection(SolutionProperties) = preSolution
		HideSolutionNode = FALSE
	EndGlobalSection
	GlobalSection(ExtensibilityGlobals) = postSolution
		SolutionGuid = {E9E09EAD-2C40-4E2F-AD0D-16D7080A45F1}
	EndGlobalSection
EndGlobal
